
Microsoft Visual Studio Solution File, Format Version 12.00
# Visual Studio Version 17
VisualStudioVersion = 17.1.32228.430
MinimumVisualStudioVersion = 10.0.40219.1
Project("{FAE04EC0-301F-11D3-BF4B-00C04F79EFBC}") = "ConnectedTrie", "ConnectedTrie\ConnectedTrie.csproj", "{F519B274-DB2D-47CF-8162-012C16934070}"
EndProject
Global
	GlobalSection(SolutionConfigurationPlatforms) = preSolution
		Debug|Any CPU = Debug|Any CPU
		Release|Any CPU = Release|Any CPU
	EndGlobalSection
	GlobalSection(ProjectConfigurationPlatforms) = postSolution
		{F519B274-DB2D-47CF-8162-012C16934070}.Debug|Any CPU.ActiveCfg = Debug|Any CPU
		{F519B274-DB2D-47CF-8162-012C16934070}.Debug|Any CPU.Build.0 = Debug|Any CPU
		{F519B274-DB2D-47CF-8162-012C16934070}.Release|Any CPU.ActiveCfg = Release|Any CPU
		{F519B274-DB2D-47CF-8162-012C16934070}.Release|Any CPU.Build.0 = Release|Any CPU
	EndGlobalSection
	GlobalSection(SolutionProperties) = preSolution
		HideSolutionNode = FALSE
	EndGlobalSection
	GlobalSection(ExtensibilityGlobals) = postSolution
		SolutionGuid = {53DE33A8-B47B-47C4-89E9-3F03215F81FD}
	EndGlobalSection
EndGlobal
